
Microsoft Visual Studio Solution File, Format Version 12.00
# Visual Studio Version 16
VisualStudioVersion = 16.0.33920.266
MinimumVisualStudioVersion = 10.0.40219.1
Project("{2150E333-8FDC-42A3-9474-1A3956D46DE8}") = "DLL", "DLL", "{D85015CC-E355-41D2-B2BB-72D5619375BC}"
EndProject
Project("{2150E333-8FDC-42A3-9474-1A3956D46DE8}") = "WebAPI", "WebAPI", "{E32073D4-EE09-44FA-891B-EB7006FA9F57}"
EndProject
Project("{2150E333-8FDC-42A3-9474-1A3956D46DE8}") = "ErrorHandler", "ErrorHandler", "{5E250B07-AE63-48B5-A2FF-AD8389D794D5}"
EndProject
Project("{2150E333-8FDC-42A3-9474-1A3956D46DE8}") = "EncryptDecrypt", "EncryptDecrypt", "{95FE7CEC-F396-49D1-8C63-E3F519967E54}"
EndProject
Project("{2150E333-8FDC-42A3-9474-1A3956D46DE8}") = "DatabaseHandler", "DatabaseHandler", "{2B1F711E-AB17-4FCF-9169-0E1200090F3A}"
EndProject
Project("{2150E333-8FDC-42A3-9474-1A3956D46DE8}") = "Converters", "Converters", "{158BE91D-121F-4CC3-9289-E40F90F06704}"
EndProject
Project("{2150E333-8FDC-42A3-9474-1A3956D46DE8}") = "Constant", "Constant", "{356E6952-3823-4A70-AFA5-238F6961344E}"
EndProject
Project("{2150E333-8FDC-42A3-9474-1A3956D46DE8}") = "DataMapper", "DataMapper", "{D05A359C-B482-4F93-8CFF-7AF6BAC73BB5}"
EndProject
Project("{FAE04EC0-301F-11D3-BF4B-00C04F79EFBC}") = "ErrorHandler", "DLL\ErrorHandler\ErrorHandler.csproj", "{092FCFF3-BBE1-4FE7-9481-4EC2E99CF01F}"
EndProject
Project("{FAE04EC0-301F-11D3-BF4B-00C04F79EFBC}") = "EncryptDecrypt", "DLL\EncryptDecrypt\EncryptDecrypt.csproj", "{819EBC69-6A3D-4367-B849-9C3DD3470C32}"
EndProject
Project("{FAE04EC0-301F-11D3-BF4B-00C04F79EFBC}") = "DatabaseHandler", "DLL\DatabaseHandler\DatabaseHandler.csproj", "{57A87D89-ADC5-4889-B137-E9B501EEB335}"
	ProjectSection(ProjectDependencies) = postProject
		{092FCFF3-BBE1-4FE7-9481-4EC2E99CF01F} = {092FCFF3-BBE1-4FE7-9481-4EC2E99CF01F}
	EndProjectSection
EndProject
Project("{FAE04EC0-301F-11D3-BF4B-00C04F79EFBC}") = "Converters", "DLL\Converters\Converters.csproj", "{209AA300-65E7-41EE-B971-2FBB5458AA0F}"
EndProject
Project("{FAE04EC0-301F-11D3-BF4B-00C04F79EFBC}") = "Constant", "DLL\Constant\Constant.csproj", "{B913B359-AFC6-4825-9295-E04A4071B82F}"
EndProject
Project("{FAE04EC0-301F-11D3-BF4B-00C04F79EFBC}") = "DataMapper", "DLL\DataMapper\DataMapper.csproj", "{FAD86890-2A4D-4748-BFAF-6FE439E8B142}"
EndProject
Project("{2150E333-8FDC-42A3-9474-1A3956D46DE8}") = "DataModel", "DataModel", "{3A4419A5-7E04-4F11-9F55-7228A393F3A9}"
EndProject
Project("{2150E333-8FDC-42A3-9474-1A3956D46DE8}") = "DatabaseAccess", "DatabaseAccess", "{C0D8C2E1-E0CF-43CC-A8A2-35E021948E26}"
EndProject
Project("{FAE04EC0-301F-11D3-BF4B-00C04F79EFBC}") = "DataModel", "DLL\DataModel\DataModel.csproj", "{6FCBD664-6FBC-4A59-84DE-C3A61F7ED5BF}"
	ProjectSection(ProjectDependencies) = postProject
		{FAD86890-2A4D-4748-BFAF-6FE439E8B142} = {FAD86890-2A4D-4748-BFAF-6FE439E8B142}
	EndProjectSection
EndProject
Project("{FAE04EC0-301F-11D3-BF4B-00C04F79EFBC}") = "DatabaseAccess", "DLL\DatabaseAccess\DatabaseAccess.csproj", "{B13187F0-AF03-44AD-8BEB-6120A29A4A17}"
	ProjectSection(ProjectDependencies) = postProject
		{209AA300-65E7-41EE-B971-2FBB5458AA0F} = {209AA300-65E7-41EE-B971-2FBB5458AA0F}
		{B913B359-AFC6-4825-9295-E04A4071B82F} = {B913B359-AFC6-4825-9295-E04A4071B82F}
		{6FCBD664-6FBC-4A59-84DE-C3A61F7ED5BF} = {6FCBD664-6FBC-4A59-84DE-C3A61F7ED5BF}
		{819EBC69-6A3D-4367-B849-9C3DD3470C32} = {819EBC69-6A3D-4367-B849-9C3DD3470C32}
		{57A87D89-ADC5-4889-B137-E9B501EEB335} = {57A87D89-ADC5-4889-B137-E9B501EEB335}
		{092FCFF3-BBE1-4FE7-9481-4EC2E99CF01F} = {092FCFF3-BBE1-4FE7-9481-4EC2E99CF01F}
	EndProjectSection
EndProject
Project("{FAE04EC0-301F-11D3-BF4B-00C04F79EFBC}") = "HRMitraWebAPI", "WebAPI\HRMitraWebAPI\HRMitraWebAPI.csproj", "{51401A58-5ED8-47D6-B39A-9A67718AD380}"
	ProjectSection(ProjectDependencies) = postProject
		{209AA300-65E7-41EE-B971-2FBB5458AA0F} = {209AA300-65E7-41EE-B971-2FBB5458AA0F}
		{B913B359-AFC6-4825-9295-E04A4071B82F} = {B913B359-AFC6-4825-9295-E04A4071B82F}
		{6FCBD664-6FBC-4A59-84DE-C3A61F7ED5BF} = {6FCBD664-6FBC-4A59-84DE-C3A61F7ED5BF}
		{819EBC69-6A3D-4367-B849-9C3DD3470C32} = {819EBC69-6A3D-4367-B849-9C3DD3470C32}
		{57A87D89-ADC5-4889-B137-E9B501EEB335} = {57A87D89-ADC5-4889-B137-E9B501EEB335}
		{FAD86890-2A4D-4748-BFAF-6FE439E8B142} = {FAD86890-2A4D-4748-BFAF-6FE439E8B142}
		{B13187F0-AF03-44AD-8BEB-6120A29A4A17} = {B13187F0-AF03-44AD-8BEB-6120A29A4A17}
		{092FCFF3-BBE1-4FE7-9481-4EC2E99CF01F} = {092FCFF3-BBE1-4FE7-9481-4EC2E99CF01F}
	EndProjectSection
EndProject
Global
	GlobalSection(SolutionConfigurationPlatforms) = preSolution
		Debug|Any CPU = Debug|Any CPU
		Release|Any CPU = Release|Any CPU
	EndGlobalSection
	GlobalSection(ProjectConfigurationPlatforms) = postSolution
		{092FCFF3-BBE1-4FE7-9481-4EC2E99CF01F}.Debug|Any CPU.ActiveCfg = Debug|Any CPU
		{092FCFF3-BBE1-4FE7-9481-4EC2E99CF01F}.Debug|Any CPU.Build.0 = Debug|Any CPU
		{092FCFF3-BBE1-4FE7-9481-4EC2E99CF01F}.Release|Any CPU.ActiveCfg = Release|Any CPU
		{092FCFF3-BBE1-4FE7-9481-4EC2E99CF01F}.Release|Any CPU.Build.0 = Release|Any CPU
		{819EBC69-6A3D-4367-B849-9C3DD3470C32}.Debug|Any CPU.ActiveCfg = Debug|Any CPU
		{819EBC69-6A3D-4367-B849-9C3DD3470C32}.Debug|Any CPU.Build.0 = Debug|Any CPU
		{819EBC69-6A3D-4367-B849-9C3DD3470C32}.Release|Any CPU.ActiveCfg = Release|Any CPU
		{819EBC69-6A3D-4367-B849-9C3DD3470C32}.Release|Any CPU.Build.0 = Release|Any CPU
		{57A87D89-ADC5-4889-B137-E9B501EEB335}.Debug|Any CPU.ActiveCfg = Debug|Any CPU
		{57A87D89-ADC5-4889-B137-E9B501EEB335}.Debug|Any CPU.Build.0 = Debug|Any CPU
		{57A87D89-ADC5-4889-B137-E9B501EEB335}.Release|Any CPU.ActiveCfg = Release|Any CPU
		{57A87D89-ADC5-4889-B137-E9B501EEB335}.Release|Any CPU.Build.0 = Release|Any CPU
		{209AA300-65E7-41EE-B971-2FBB5458AA0F}.Debug|Any CPU.ActiveCfg = Debug|Any CPU
		{209AA300-65E7-41EE-B971-2FBB5458AA0F}.Debug|Any CPU.Build.0 = Debug|Any CPU
		{209AA300-65E7-41EE-B971-2FBB5458AA0F}.Release|Any CPU.ActiveCfg = Release|Any CPU
		{209AA300-65E7-41EE-B971-2FBB5458AA0F}.Release|Any CPU.Build.0 = Release|Any CPU
		{B913B359-AFC6-4825-9295-E04A4071B82F}.Debug|Any CPU.ActiveCfg = Debug|Any CPU
		{B913B359-AFC6-4825-9295-E04A4071B82F}.Debug|Any CPU.Build.0 = Debug|Any CPU
		{B913B359-AFC6-4825-9295-E04A4071B82F}.Release|Any CPU.ActiveCfg = Release|Any CPU
		{B913B359-AFC6-4825-9295-E04A4071B82F}.Release|Any CPU.Build.0 = Release|Any CPU
		{FAD86890-2A4D-4748-BFAF-6FE439E8B142}.Debug|Any CPU.ActiveCfg = Debug|Any CPU
		{FAD86890-2A4D-4748-BFAF-6FE439E8B142}.Debug|Any CPU.Build.0 = Debug|Any CPU
		{FAD86890-2A4D-4748-BFAF-6FE439E8B142}.Release|Any CPU.ActiveCfg = Release|Any CPU
		{FAD86890-2A4D-4748-BFAF-6FE439E8B142}.Release|Any CPU.Build.0 = Release|Any CPU
		{6FCBD664-6FBC-4A59-84DE-C3A61F7ED5BF}.Debug|Any CPU.ActiveCfg = Debug|Any CPU
		{6FCBD664-6FBC-4A59-84DE-C3A61F7ED5BF}.Debug|Any CPU.Build.0 = Debug|Any CPU
		{6FCBD664-6FBC-4A59-84DE-C3A61F7ED5BF}.Release|Any CPU.ActiveCfg = Release|Any CPU
		{6FCBD664-6FBC-4A59-84DE-C3A61F7ED5BF}.Release|Any CPU.Build.0 = Release|Any CPU
		{B13187F0-AF03-44AD-8BEB-6120A29A4A17}.Debug|Any CPU.ActiveCfg = Debug|Any CPU
		{B13187F0-AF03-44AD-8BEB-6120A29A4A17}.Debug|Any CPU.Build.0 = Debug|Any CPU
		{B13187F0-AF03-44AD-8BEB-6120A29A4A17}.Release|Any CPU.ActiveCfg = Release|Any CPU
		{B13187F0-AF03-44AD-8BEB-6120A29A4A17}.Release|Any CPU.Build.0 = Release|Any CPU
		{51401A58-5ED8-47D6-B39A-9A67718AD380}.Debug|Any CPU.ActiveCfg = Debug|Any CPU
		{51401A58-5ED8-47D6-B39A-9A67718AD380}.Debug|Any CPU.Build.0 = Debug|Any CPU
		{51401A58-5ED8-47D6-B39A-9A67718AD380}.Release|Any CPU.ActiveCfg = Release|Any CPU
		{51401A58-5ED8-47D6-B39A-9A67718AD380}.Release|Any CPU.Build.0 = Release|Any CPU
	EndGlobalSection
	GlobalSection(SolutionProperties) = preSolution
		HideSolutionNode = FALSE
	EndGlobalSection
	GlobalSection(NestedProjects) = preSolution
		{5E250B07-AE63-48B5-A2FF-AD8389D794D5} = {D85015CC-E355-41D2-B2BB-72D5619375BC}
		{95FE7CEC-F396-49D1-8C63-E3F519967E54} = {D85015CC-E355-41D2-B2BB-72D5619375BC}
		{2B1F711E-AB17-4FCF-9169-0E1200090F3A} = {D85015CC-E355-41D2-B2BB-72D5619375BC}
		{158BE91D-121F-4CC3-9289-E40F90F06704} = {D85015CC-E355-41D2-B2BB-72D5619375BC}
		{356E6952-3823-4A70-AFA5-238F6961344E} = {D85015CC-E355-41D2-B2BB-72D5619375BC}
		{D05A359C-B482-4F93-8CFF-7AF6BAC73BB5} = {D85015CC-E355-41D2-B2BB-72D5619375BC}
		{092FCFF3-BBE1-4FE7-9481-4EC2E99CF01F} = {5E250B07-AE63-48B5-A2FF-AD8389D794D5}
		{819EBC69-6A3D-4367-B849-9C3DD3470C32} = {95FE7CEC-F396-49D1-8C63-E3F519967E54}
		{57A87D89-ADC5-4889-B137-E9B501EEB335} = {2B1F711E-AB17-4FCF-9169-0E1200090F3A}
		{209AA300-65E7-41EE-B971-2FBB5458AA0F} = {158BE91D-121F-4CC3-9289-E40F90F06704}
		{B913B359-AFC6-4825-9295-E04A4071B82F} = {356E6952-3823-4A70-AFA5-238F6961344E}
		{FAD86890-2A4D-4748-BFAF-6FE439E8B142} = {D05A359C-B482-4F93-8CFF-7AF6BAC73BB5}
		{3A4419A5-7E04-4F11-9F55-7228A393F3A9} = {D85015CC-E355-41D2-B2BB-72D5619375BC}
		{C0D8C2E1-E0CF-43CC-A8A2-35E021948E26} = {D85015CC-E355-41D2-B2BB-72D5619375BC}
		{6FCBD664-6FBC-4A59-84DE-C3A61F7ED5BF} = {3A4419A5-7E04-4F11-9F55-7228A393F3A9}
		{B13187F0-AF03-44AD-8BEB-6120A29A4A17} = {C0D8C2E1-E0CF-43CC-A8A2-35E021948E26}
		{51401A58-5ED8-47D6-B39A-9A67718AD380} = {E32073D4-EE09-44FA-891B-EB7006FA9F57}
	EndGlobalSection
	GlobalSection(ExtensibilityGlobals) = postSolution
		SolutionGuid = {17A9EAC0-C9D4-401F-93F2-1E947D6E554F}
	EndGlobalSection
EndGlobal
